github.com/coyim/gotk3adapter v0.0.0-20220404203633-561ecab02ec8 h1:lYCaNBJY04a6LrNcdcYegKagLS+WZnoBQnzgyCC4YlE=
github.com/coyim/gotk3adapter v0.0.0-20220404203633-561ecab02ec8/go.mod h1:5NK0rFFScmo76AEmCcSM0RqVJIeCRdtD2i8dmaki4QQ=
github.com/coyim/gotk3extra v0.0.0-20220106212532-096301b187a3 h1:wzk3RuBef0/ZDDUnstfjYGYl6nCz9BnB9Z9rr7um+6w=
github.com/coyim/gotk3extra v0.0.0-20220106212532-096301b187a3/go.mod h1:Nn1D/Zd6ivBvKkL1Lts7fYAAMBKIOqAwTNDbhDJeHok=
github.com/coyim/gotk3mocks v0.0.0-20220404184843-afd34eff9ddb h1:vUPg5NrATRIL0V12ook52uNqnjti3G6herS55bbk8e4=
github.com/coyim/gotk3mocks v0.0.0-20220404184843-afd34eff9ddb/go.mod h1:K0WPGOsCoumirBlfAEHVVM1cyzlHs1OUr2SbadxuCyM=
github.com/davecgh/go-spew v1.1.0/go.mod h1:J7Y8YcW2NihsgmVo/mv3lAwl/skON4iLHjSsI+c5H38=
github.com/davecgh/go-spew v1.1.1 h1:vj9j/u1bqnvCEfJOwUhtlOARqs3+rkHYY13jYWTU97c=
github.com/davecgh/go-spew v1.1.1/go.mod h1:J7Y8YcW2NihsgmVo/mv3lAwl/skON4iLHjSsI+c5H38=
github.com/gotk3/gotk3 v0.6.2-0.20211227203914-9ce84f11b1a9 h1:shrg9PacemNFypAYrHrBFo4Gk0JoRMOr/4pbcxtsl5s=
github.com/gotk3/gotk3 v0.6.2-0.20211227203914-9ce84f11b1a9/go.mod h1:/hqFpkNa9T3JgNAE2fLvCdov7c5bw//FHNZrZ3Uv9/Q=
github.com/pmezard/go-difflib v1.0.0 h1:4DBwDE0NGyQoBHbLQYPwSUPoCMWR5BEzIk/f1lZbAQM=
github.com/pmezard/go-difflib v1.0.0/go.mod h1:iKH77koFhYxTK1pcRnkKkqfTogsbg7gZNVY4sRDYZ/4=
github.com/prashantv/gostub v1.1.0 h1:BTyx3RfQjRHnUWaGF9oQos79AlQ5k8WNktv7VGvVH4g=
github.com/prashantv/gostub v1.1.0/go.mod h1:A5zLQHz7ieHGG7is6LLXLz7I8+3LZzsrV0P1IAHhP5U=
github.com/stretchr/objx v0.1.0 h1:4G4v2dO3VZwixGIRoQ5Lfboy6nUhCyYzaqnIAPPhYs4=
github.com/stretchr/objx v0.1.0/go.mod h1:HFkY916IF+rwdDfMAkV7OtwuqBVzrE8GR6GFx+wExME=
github.com/stretchr/testify v1.7.1 h1:5TQK59W5E3v0r2duFAb7P95B6hEeOyEnHRa8MjYSMTY=
github.com/stretchr/testify v1.7.1/go.mod h1:6Fq8oRcR53rry900zMqJjRRixrwX3KX962/h/Wwjteg=
golang.org/x/exp v0.0.0-20220314205449-43aec2f8a4e7 h1:jynE66seADJbyWMUdeOyVTvPtBZt7L6LJHupGwxPZRM=
golang.org/x/exp v0.0.0-20220314205449-43aec2f8a4e7/go.mod h1:lgLbSvA5ygNOMpwM/9anMpWVlVJ7Z+cHWq/eFuinpGE=
gopkg.in/check.v1 v0.0.0-20161208181325-20d25e280405 h1:yhCVgyC4o1eVCa2tZl7eS0r+SDo693bJlVdllGtEeKM=
gopkg.in/check.v1 v0.0.0-20161208181325-20d25e280405/go.mod h1:Co6ibVJAznAaIkqp8huTwlJQCZ016jof/cbN4VW5Yz0=
gopkg.in/yaml.v3 v3.0.0-20200313102051-9f266ea9e77c h1:dUUwHk2QECo/6vqA44rthZ8ie2QXMNeKRTHCNY2nXvo=
gopkg.in/yaml.v3 v3.0.0-20200313102051-9f266ea9e77c/go.mod h1:K4uyk7z7BCEPqu6E+C64Yfv1cQ7kz7rIZviUmN+EgEM=
